
Microsoft Visual Studio Solution File, Format Version 12.00
# Visual Studio Version 16
VisualStudioVersion = 16.0.30503.244
MinimumVisualStudioVersion = 10.0.40219.1
Project("{2150E333-8FDC-42A3-9474-1A3956D46DE8}") = "Solution Items", "Solution Items", "{63923B28-F5B9-477D-AF5A-000F7482418F}"
	ProjectSection(SolutionItems) = preProject
		.gitignore = .gitignore
		LICENSE = LICENSE
		README.md = README.md
	EndProjectSection
EndProject
Project("{2150E333-8FDC-42A3-9474-1A3956D46DE8}") = "Tasks", "Tasks", "{F2E7A0A3-E35B-4891-A97C-AABB0CCE2DDB}"
EndProject
Project("{9A19103F-16F7-4668-BE54-9A1E7A4F7556}") = "TeachMeSkills.DotNet.Task1", "src\TeachMeSkills.DotNet.Task1\TeachMeSkills.DotNet.Task1.csproj", "{27E9B749-C7CA-41B7-B53A-EE05AB46C8E0}"
EndProject
Project("{9A19103F-16F7-4668-BE54-9A1E7A4F7556}") = "TeachMeSkills.DotNet.Task2", "src\TeachMeSkills.DotNet.Task2\TeachMeSkills.DotNet.Task2.csproj", "{95343B9B-42A4-4709-9B36-F3F27102AAC7}"
EndProject
Project("{9A19103F-16F7-4668-BE54-9A1E7A4F7556}") = "TeachMeSkills.DotNet.Task3", "src\TeachMeSkills.DotNet.Task3\TeachMeSkills.DotNet.Task3.csproj", "{2C6FF11D-12A4-4030-A6BD-08024528A722}"
EndProject
Project("{9A19103F-16F7-4668-BE54-9A1E7A4F7556}") = "TeachMeSkills.DotNet.Task4", "src\TeachMeSkills.DotNet.Task4\TeachMeSkills.DotNet.Task4.csproj", "{7207ACCF-8142-41A1-8054-2CFA62C90981}"
EndProject
Project("{9A19103F-16F7-4668-BE54-9A1E7A4F7556}") = "TeachMeSkills.DotNet.Task5", "src\TeachMeSkills.DotNet.Task5\TeachMeSkills.DotNet.Task5.csproj", "{34E6FF40-F438-423F-9208-492AD44C9657}"
EndProject
Project("{9A19103F-16F7-4668-BE54-9A1E7A4F7556}") = "TeachMeSkills.DotNet.Task7", "src\TeachMeSkills.DotNet.Task7\TeachMeSkills.DotNet.Task7.csproj", "{14F4DFDC-975E-4DA5-8868-D593B61276FB}"
EndProject
Project("{9A19103F-16F7-4668-BE54-9A1E7A4F7556}") = "TeachMeSkills.DotNet.Task8", "src\TeachMeSkills.DotNet.Task8\TeachMeSkills.DotNet.Task8.csproj", "{D03771DB-949B-4BE2-BAD4-9824981E1558}"
EndProject
Project("{9A19103F-16F7-4668-BE54-9A1E7A4F7556}") = "TeachMeSkills.DotNet.Task9", "src\TeachMeSkills.DotNet.Task9\TeachMeSkills.DotNet.Task9.csproj", "{E2A393F1-CDFF-4058-85F9-90A4AA6DD618}"
EndProject
Project("{9A19103F-16F7-4668-BE54-9A1E7A4F7556}") = "TachMeSkills.DotNet.Task10", "src\TachMeSkills.DotNet.Task10\TachMeSkills.DotNet.Task10.csproj", "{E5D64162-2179-449B-A41E-7CFB666A7CE3}"
EndProject
Project("{9A19103F-16F7-4668-BE54-9A1E7A4F7556}") = "TeachMeSkills.DotNet.Task11", "src\TeachMeSkills.DotNet.Task11\TeachMeSkills.DotNet.Task11.csproj", "{EA4F40F9-FA18-49B6-9148-D0FF64577BF6}"
EndProject
Project("{9A19103F-16F7-4668-BE54-9A1E7A4F7556}") = "TeachMeSkills.DotNet.Task12", "src\TeachMeSkills.DotNet.Task12\TeachMeSkills.DotNet.Task12.csproj", "{F4772324-371B-4A88-8932-C2E006664329}"
EndProject
Project("{9A19103F-16F7-4668-BE54-9A1E7A4F7556}") = "TeachMeSkills.DotNet.Task17", "src\TeachMeSkills.DotNet.Task17\TeachMeSkills.DotNet.Task17.csproj", "{F37DD98B-135A-41D3-9AB5-6267DB2D6387}"
EndProject
Project("{9A19103F-16F7-4668-BE54-9A1E7A4F7556}") = "TeachMeSkills.DotNet.Task19", "src\TeachMeSkills.DotNet.Task19\TeachMeSkills.DotNet.Task19.csproj", "{735C8259-B7F1-474A-9BDB-55DAE4C29D25}"
EndProject
Project("{9A19103F-16F7-4668-BE54-9A1E7A4F7556}") = "TeachMeSkills.DotNet.Task20", "src\TeachMeSkills.DotNet.Task20\TeachMeSkills.DotNet.Task20.csproj", "{237C8104-9645-4DBC-B41A-9E26AFCC2262}"
EndProject
Project("{FAE04EC0-301F-11D3-BF4B-00C04F79EFBC}") = "TeachMeSkills.DotNet.Task21", "src\TeachMeSkills.DotNet.Task21\TeachMeSkills.DotNet.Task21.csproj", "{95D9884F-141C-4D48-854F-D756281A74BD}"
EndProject
Project("{FAE04EC0-301F-11D3-BF4B-00C04F79EFBC}") = "TeachMeSkills.DotNet.Task22", "src\TeachMeSkills.DotNet.Task22\TeachMeSkills.DotNet.Task22.csproj", "{48ED85FB-551E-4060-BA89-58CD0DB0A9B9}"
EndProject
Global
	GlobalSection(SolutionConfigurationPlatforms) = preSolution
		Debug|Any CPU = Debug|Any CPU
		Release|Any CPU = Release|Any CPU
	EndGlobalSection
	GlobalSection(ProjectConfigurationPlatforms) = postSolution
		{27E9B749-C7CA-41B7-B53A-EE05AB46C8E0}.Debug|Any CPU.ActiveCfg = Debug|Any CPU
		{27E9B749-C7CA-41B7-B53A-EE05AB46C8E0}.Debug|Any CPU.Build.0 = Debug|Any CPU
		{27E9B749-C7CA-41B7-B53A-EE05AB46C8E0}.Release|Any CPU.ActiveCfg = Release|Any CPU
		{27E9B749-C7CA-41B7-B53A-EE05AB46C8E0}.Release|Any CPU.Build.0 = Release|Any CPU
		{95343B9B-42A4-4709-9B36-F3F27102AAC7}.Debug|Any CPU.ActiveCfg = Debug|Any CPU
		{95343B9B-42A4-4709-9B36-F3F27102AAC7}.Debug|Any CPU.Build.0 = Debug|Any CPU
		{95343B9B-42A4-4709-9B36-F3F27102AAC7}.Release|Any CPU.ActiveCfg = Release|Any CPU
		{95343B9B-42A4-4709-9B36-F3F27102AAC7}.Release|Any CPU.Build.0 = Release|Any CPU
		{2C6FF11D-12A4-4030-A6BD-08024528A722}.Debug|Any CPU.ActiveCfg = Debug|Any CPU
		{2C6FF11D-12A4-4030-A6BD-08024528A722}.Debug|Any CPU.Build.0 = Debug|Any CPU
		{2C6FF11D-12A4-4030-A6BD-08024528A722}.Release|Any CPU.ActiveCfg = Release|Any CPU
		{2C6FF11D-12A4-4030-A6BD-08024528A722}.Release|Any CPU.Build.0 = Release|Any CPU
		{7207ACCF-8142-41A1-8054-2CFA62C90981}.Debug|Any CPU.ActiveCfg = Debug|Any CPU
		{7207ACCF-8142-41A1-8054-2CFA62C90981}.Debug|Any CPU.Build.0 = Debug|Any CPU
		{7207ACCF-8142-41A1-8054-2CFA62C90981}.Release|Any CPU.ActiveCfg = Release|Any CPU
		{7207ACCF-8142-41A1-8054-2CFA62C90981}.Release|Any CPU.Build.0 = Release|Any CPU
		{34E6FF40-F438-423F-9208-492AD44C9657}.Debug|Any CPU.ActiveCfg = Debug|Any CPU
		{34E6FF40-F438-423F-9208-492AD44C9657}.Debug|Any CPU.Build.0 = Debug|Any CPU
		{34E6FF40-F438-423F-9208-492AD44C9657}.Release|Any CPU.ActiveCfg = Release|Any CPU
		{34E6FF40-F438-423F-9208-492AD44C9657}.Release|Any CPU.Build.0 = Release|Any CPU
		{14F4DFDC-975E-4DA5-8868-D593B61276FB}.Debug|Any CPU.ActiveCfg = Debug|Any CPU
		{14F4DFDC-975E-4DA5-8868-D593B61276FB}.Debug|Any CPU.Build.0 = Debug|Any CPU
		{14F4DFDC-975E-4DA5-8868-D593B61276FB}.Release|Any CPU.ActiveCfg = Release|Any CPU
		{14F4DFDC-975E-4DA5-8868-D593B61276FB}.Release|Any CPU.Build.0 = Release|Any CPU
		{D03771DB-949B-4BE2-BAD4-9824981E1558}.Debug|Any CPU.ActiveCfg = Debug|Any CPU
		{D03771DB-949B-4BE2-BAD4-9824981E1558}.Debug|Any CPU.Build.0 = Debug|Any CPU
		{D03771DB-949B-4BE2-BAD4-9824981E1558}.Release|Any CPU.ActiveCfg = Release|Any CPU
		{D03771DB-949B-4BE2-BAD4-9824981E1558}.Release|Any CPU.Build.0 = Release|Any CPU
		{E2A393F1-CDFF-4058-85F9-90A4AA6DD618}.Debug|Any CPU.ActiveCfg = Debug|Any CPU
		{E2A393F1-CDFF-4058-85F9-90A4AA6DD618}.Debug|Any CPU.Build.0 = Debug|Any CPU
		{E2A393F1-CDFF-4058-85F9-90A4AA6DD618}.Release|Any CPU.ActiveCfg = Release|Any CPU
		{E2A393F1-CDFF-4058-85F9-90A4AA6DD618}.Release|Any CPU.Build.0 = Release|Any CPU
		{E5D64162-2179-449B-A41E-7CFB666A7CE3}.Debug|Any CPU.ActiveCfg = Debug|Any CPU
		{E5D64162-2179-449B-A41E-7CFB666A7CE3}.Debug|Any CPU.Build.0 = Debug|Any CPU
		{E5D64162-2179-449B-A41E-7CFB666A7CE3}.Release|Any CPU.ActiveCfg = Release|Any CPU
		{E5D64162-2179-449B-A41E-7CFB666A7CE3}.Release|Any CPU.Build.0 = Release|Any CPU
		{EA4F40F9-FA18-49B6-9148-D0FF64577BF6}.Debug|Any CPU.ActiveCfg = Debug|Any CPU
		{EA4F40F9-FA18-49B6-9148-D0FF64577BF6}.Debug|Any CPU.Build.0 = Debug|Any CPU
		{EA4F40F9-FA18-49B6-9148-D0FF64577BF6}.Release|Any CPU.ActiveCfg = Release|Any CPU
		{EA4F40F9-FA18-49B6-9148-D0FF64577BF6}.Release|Any CPU.Build.0 = Release|Any CPU
		{F4772324-371B-4A88-8932-C2E006664329}.Debug|Any CPU.ActiveCfg = Debug|Any CPU
		{F4772324-371B-4A88-8932-C2E006664329}.Debug|Any CPU.Build.0 = Debug|Any CPU
		{F4772324-371B-4A88-8932-C2E006664329}.Release|Any CPU.ActiveCfg = Release|Any CPU
		{F4772324-371B-4A88-8932-C2E006664329}.Release|Any CPU.Build.0 = Release|Any CPU
		{F37DD98B-135A-41D3-9AB5-6267DB2D6387}.Debug|Any CPU.ActiveCfg = Debug|Any CPU
		{F37DD98B-135A-41D3-9AB5-6267DB2D6387}.Debug|Any CPU.Build.0 = Debug|Any CPU
		{F37DD98B-135A-41D3-9AB5-6267DB2D6387}.Release|Any CPU.ActiveCfg = Release|Any CPU
		{F37DD98B-135A-41D3-9AB5-6267DB2D6387}.Release|Any CPU.Build.0 = Release|Any CPU
		{735C8259-B7F1-474A-9BDB-55DAE4C29D25}.Debug|Any CPU.ActiveCfg = Debug|Any CPU
		{735C8259-B7F1-474A-9BDB-55DAE4C29D25}.Debug|Any CPU.Build.0 = Debug|Any CPU
		{735C8259-B7F1-474A-9BDB-55DAE4C29D25}.Release|Any CPU.ActiveCfg = Release|Any CPU
		{735C8259-B7F1-474A-9BDB-55DAE4C29D25}.Release|Any CPU.Build.0 = Release|Any CPU
		{237C8104-9645-4DBC-B41A-9E26AFCC2262}.Debug|Any CPU.ActiveCfg = Debug|Any CPU
		{237C8104-9645-4DBC-B41A-9E26AFCC2262}.Debug|Any CPU.Build.0 = Debug|Any CPU
		{237C8104-9645-4DBC-B41A-9E26AFCC2262}.Release|Any CPU.ActiveCfg = Release|Any CPU
		{237C8104-9645-4DBC-B41A-9E26AFCC2262}.Release|Any CPU.Build.0 = Release|Any CPU
		{95D9884F-141C-4D48-854F-D756281A74BD}.Debug|Any CPU.ActiveCfg = Debug|Any CPU
		{95D9884F-141C-4D48-854F-D756281A74BD}.Debug|Any CPU.Build.0 = Debug|Any CPU
		{95D9884F-141C-4D48-854F-D756281A74BD}.Release|Any CPU.ActiveCfg = Release|Any CPU
		{95D9884F-141C-4D48-854F-D756281A74BD}.Release|Any CPU.Build.0 = Release|Any CPU
		{48ED85FB-551E-4060-BA89-58CD0DB0A9B9}.Debug|Any CPU.ActiveCfg = Debug|Any CPU
		{48ED85FB-551E-4060-BA89-58CD0DB0A9B9}.Debug|Any CPU.Build.0 = Debug|Any CPU
		{48ED85FB-551E-4060-BA89-58CD0DB0A9B9}.Release|Any CPU.ActiveCfg = Release|Any CPU
		{48ED85FB-551E-4060-BA89-58CD0DB0A9B9}.Release|Any CPU.Build.0 = Release|Any CPU
	EndGlobalSection
	GlobalSection(SolutionProperties) = preSolution
		HideSolutionNode = FALSE
	EndGlobalSection
	GlobalSection(NestedProjects) = preSolution
		{27E9B749-C7CA-41B7-B53A-EE05AB46C8E0} = {F2E7A0A3-E35B-4891-A97C-AABB0CCE2DDB}
		{95343B9B-42A4-4709-9B36-F3F27102AAC7} = {F2E7A0A3-E35B-4891-A97C-AABB0CCE2DDB}
		{2C6FF11D-12A4-4030-A6BD-08024528A722} = {F2E7A0A3-E35B-4891-A97C-AABB0CCE2DDB}
		{7207ACCF-8142-41A1-8054-2CFA62C90981} = {F2E7A0A3-E35B-4891-A97C-AABB0CCE2DDB}
		{34E6FF40-F438-423F-9208-492AD44C9657} = {F2E7A0A3-E35B-4891-A97C-AABB0CCE2DDB}
		{14F4DFDC-975E-4DA5-8868-D593B61276FB} = {F2E7A0A3-E35B-4891-A97C-AABB0CCE2DDB}
		{D03771DB-949B-4BE2-BAD4-9824981E1558} = {F2E7A0A3-E35B-4891-A97C-AABB0CCE2DDB}
		{E2A393F1-CDFF-4058-85F9-90A4AA6DD618} = {F2E7A0A3-E35B-4891-A97C-AABB0CCE2DDB}
		{E5D64162-2179-449B-A41E-7CFB666A7CE3} = {F2E7A0A3-E35B-4891-A97C-AABB0CCE2DDB}
		{EA4F40F9-FA18-49B6-9148-D0FF64577BF6} = {F2E7A0A3-E35B-4891-A97C-AABB0CCE2DDB}
		{F4772324-371B-4A88-8932-C2E006664329} = {F2E7A0A3-E35B-4891-A97C-AABB0CCE2DDB}
		{F37DD98B-135A-41D3-9AB5-6267DB2D6387} = {F2E7A0A3-E35B-4891-A97C-AABB0CCE2DDB}
		{735C8259-B7F1-474A-9BDB-55DAE4C29D25} = {F2E7A0A3-E35B-4891-A97C-AABB0CCE2DDB}
		{237C8104-9645-4DBC-B41A-9E26AFCC2262} = {F2E7A0A3-E35B-4891-A97C-AABB0CCE2DDB}
		{95D9884F-141C-4D48-854F-D756281A74BD} = {F2E7A0A3-E35B-4891-A97C-AABB0CCE2DDB}
		{48ED85FB-551E-4060-BA89-58CD0DB0A9B9} = {F2E7A0A3-E35B-4891-A97C-AABB0CCE2DDB}
	EndGlobalSection
	GlobalSection(ExtensibilityGlobals) = postSolution
		SolutionGuid = {AB361F5D-A586-489F-BE2A-9BA764BA63B1}
	EndGlobalSection
EndGlobal
